github.com/crgimenes/filo v0.0.15 h1:mTWOaYBlGplAFojBg7w7Sh8ROquvWyzH9PP0IwSwV+E=
github.com/crgimenes/filo v0.0.15/go.mod h1:AHok87Tc92NjfwbbrDcR0HZY57VOnZU/MktpNsONHWA=
github.com/crgimenes/filo v0.0.16 h1:/AEn/R5k33UXRfby/ZpJxIVWO5lQAPgnGmxM7eSUG7E=
github.com/crgimenes/filo v0.0.16/go.mod h1:kt2+3JJivo6/HWOJlphW7iIQdFoB3V5RnL+oBQcHN8w=
github.com/crgimenes/minigui v0.1.7 h1:8RoLafHKvk8OZDUW1n7ynjhXQJLGpk9gPfJWIi3X0L4=
github.com/crgimenes/minigui v0.1.7/go.mod h1:GEqF1iSYX7zURC7NOTVFcC5e4pOGxJtAzkfYxU2rv5U=
github.com/crgimenes/minigui v0.1.8 h1:dLdO95Hn/3SDMVdpo3PbtnQB/pdMVdt2uOqFPW6Xl94=
github.com/crgimenes/minigui v0.1.8/go.mod h1:GEqF1iSYX7zURC7NOTVFcC5e4pOGxJtAzkfYxU2rv5U=
github.com/crgimenes/minigui v0.1.9 h1:D432XNJE4WsZBrFzmgzfTuTYw4yzBwAmmusCHKCebrk=
github.com/crgimenes/minigui v0.1.9/go.mod h1:aP4n8LCLDaSL7pQDh4RyZ5qlFPGDvfhb9tFn6Fw9cRs=
github.com/crgimenes/native v0.1.3 h1:7RjgJ6i07v/2l00sPoAb9JMYU03/A/7+Ij20H0BaR/M=
github.com/crgimenes/native v0.1.3/go.mod h1:r2iwllKCbmywZTk1MJNtcdur317e4r67J4+Tm29aiVU=
github.com/crgimenes/native v0.1.5 h1:DeuqxhlgEkOJGvLMole/8fzahW7vTpgtMkx+EmKD1/g=
github.com/crgimenes/native v0.1.5/go.mod h1:5HCo6NG4HoCJncT4LtCtCqH4+5AH7CGFFACsqowHIKs=
github.com/ebitengine/gomobile v0.0.0-20260211053922-3d992dae95d1 h1:U8WldvN7/4cgo65U2fr2urv43/yhqYOK5FegFPPfI4M=
github.com/ebitengine/gomobile v0.0.0-20260211053922-3d992dae95d1/go.mod h1:J7sDBRQG9pJGMa9Z+h8l3flwk0yEKDzWeR57vA1LI5U=
github.com/ebitengine/hideconsole v1.0.0 h1:5J4U0kXF+pv/DhiXt5/lTz0eO5ogJ1iXb8Yj1yReDqE=
github.com/ebitengine/hideconsole v1.0.0/go.mod h1:hTTBTvVYWKBuxPr7peweneWdkUwEuHuB3C1R/ielR1A=
github.com/ebitengine/oto/v3 v3.5.0-alpha.6 h1:pcfNfo6yfTFYkqvNdsMx+Ndp1M1dEA4kMPK2j3c7Izs=
github.com/ebitengine/oto/v3 v3.5.0-alpha.6/go.mod h1:ZRW/Nk5tB63/UZnEHzE+78n5VChHOjy2eHMUqan56Cc=
github.com/ebitengine/oto/v3 v3.5.0-alpha.8 h1:4m951TufRisvb17QkYUhaRGcX2Y2rK+VaKNPI81J1XY=
github.com/ebitengine/oto/v3 v3.5.0-alpha.8/go.mod h1:KodwnDJP8uHQ6EjvnAvXGgUZjhFTfAIqR0PFXewFv3c=
github.com/ebitengine/purego v0.11.0-alpha.5 h1:s+lQh9c3BJAETz8ZKm6C+v2XOhB/SMSDWJW6PVQi2e0=
github.com/ebitengine/purego v0.11.0-alpha.5/go.mod h1:iIjxzd6CiRiOG0UyXP+V1+jWqUXVjPKLAI0mRfJZTmQ=
github.com/ebitengine/purego v0.11.0-alpha.7 h1:A6VyzX3QgtvvY2Y0Ud/W8cDjsyTgNA7KPWRS+t5z6wg=
github.com/ebitengine/purego v0.11.0-alpha.7/go.mod h1:DCHPP08djqhNSoTfImcnHYQRZmd0qhakvrozqaEYhGQ=
github.com/ebitengine/purego v0.11.0-alpha.8 h1:DOQFVGS3bt17GhdIhqvUN2ySBObOsPn0zk9AgzGRSDc=
github.com/ebitengine/purego v0.11.0-alpha.8/go.mod h1:DCHPP08djqhNSoTfImcnHYQRZmd0qhakvrozqaEYhGQ=
github.com/go-text/typesetting v0.3.5-0.20260505125104-04e4e76f9371 h1:rQq+LisqB/K7wGowlqDlOOAEO/K29DL0kndCxg2fBso=
github.com/go-text/typesetting v0.3.5-0.20260505125104-04e4e76f9371/go.mod h1:XZO1hD+nQVyvVa5IicQk7FsCa4PFQaJ2soWAP1f//68=
github.com/go-text/typesetting v0.3.5-0.20260710134149-0bd3abe5ff89 h1:LDq6K4x6OfzVqXuZrlRbFk7J79QCU8cWCsZiOYimSWc=
github.com/go-text/typesetting v0.3.5-0.20260710134149-0bd3abe5ff89/go.mod h1:XZO1hD+nQVyvVa5IicQk7FsCa4PFQaJ2soWAP1f//68=
github.com/go-text/typesetting-utils v0.0.0-20260419141703-4ffe8874dabc h1:8FGo2It5K75XkavhTiCKExUfVaVDS1feBnLCru5qeoY=
github.com/go-text/typesetting-utils v0.0.0-20260419141703-4ffe8874dabc/go.mod h1:3/62I4La/HBRX9TcTpBj4eipLiwzf+vhI+7whTc9V7o=
github.com/hajimehoshi/bitmapfont/v4 v4.1.1 h1:5FNENqs0QbURnFG8HeDJuPl/FIjU4tNesm4suKJfIwY=
github.com/hajimehoshi/bitmapfont/v4 v4.1.1/go.mod h1:/PD+aLjAJ0F2UoQx6hkOfXqWN7BkroDUMr5W+IT1dpE=
github.com/hajimehoshi/ebiten/v2 v2.10.0-alpha.11.0.20260511153605-ac9d235653cc h1:qQ3wRM1GVJ4j+fTiwziY4NMlNAzZ5O1077nQXlrQ/cM=
github.com/hajimehoshi/ebiten/v2 v2.10.0-alpha.11.0.20260511153605-ac9d235653cc/go.mod h1:YxatHYuzf4QChYExalNBw+NnCU7dVEDZQCF2225DZ7s=
github.com/hajimehoshi/ebiten/v2 v2.10.0-alpha.12 h1:pxb9BLIye9dvfQLdJTPU7palzdWSsrkXvHQckuO651Q=
github.com/hajimehoshi/ebiten/v2 v2.10.0-alpha.12/go.mod h1:NLuFCoJvqJfoQfy9mvQ67cpIkrfEb8rNRZYdeVQHRZc=
github.com/hajimehoshi/ebiten/v2 v2.10.0-alpha.13 h1:xsulBb6nQ3znCNQVaPDcHvClMErh65782I5LPmZGMQA=
github.com/hajimehoshi/ebiten/v2 v2.10.0-alpha.13/go.mod h1:+e5GC3rKnDor5YCGtw5OVh78k974nyIsYWZS0S3l2VQ=
github.com/jezek/xgb v1.3.1 h1:NQCAEfQyzN+3RjWUSHBuVIxQcy2YfG3/mNvKfs/0rEg=
github.com/jezek/xgb v1.3.1/go.mod h1:nrhwO0FX/enq75I7Y7G8iN1ubpSGZEiA3v9e9GyRFlk=
github.com/jfreymuth/pulse v0.1.1 h1:9WLNBNCijmtZ14ZJpatgJPu/NjwAl3TIKItSFnTh+9A=
github.com/jfreymuth/pulse v0.1.1/go.mod h1:cpYspI6YljhkUf1WLXLLDmeaaPFc3CnGLjDZf9dZ4no=
github.com/jfreymuth/pulse v0.1.2 h1:t4+ItUuWLlQnulVDOL2eAotKk+utKJzK8ol0iybYAmQ=
github.com/jfreymuth/pulse v0.1.2/go.mod h1:cpYspI6YljhkUf1WLXLLDmeaaPFc3CnGLjDZf9dZ4no=
github.com/pierrec/lz4/v4 v4.1.22 h1:cKFw6uJDK+/gfw5BcDL0JL5aBsAFdsIT18eRtLj7VIU=
github.com/pierrec/lz4/v4 v4.1.22/go.mod h1:gZWDp/Ze/IJXGXf23ltt2EXimqmTUXEy0GFuRQyBid4=
github.com/srwiley/rasterx v0.0.0-20220730225603-2ab79fcdd4ef h1:Ch6Q+AZUxDBCVqdkI8FSpFyZDtCVBc2VmejdNrm5rRQ=
github.com/srwiley/rasterx v0.0.0-20220730225603-2ab79fcdd4ef/go.mod h1:nXTWP6+gD5+LUJ8krVhhoeHjvHTutPxMYl5SvkcnJNE=
golang.org/x/image v0.43.0 h1:FLxcP4ec2350nTfOC8ysKtqYSIFbk/QGjw1ZHNP4tsY=
golang.org/x/image v0.43.0/go.mod h1:rrpelvGFt+kLPAjPM4HeWPgrl0FtafueU//e5N0qk/Q=
golang.org/x/image v0.44.0 h1:+tDekMZED9+LrtB3G5xzRggpVh9CARjZqROla3R3R+I=
golang.org/x/image v0.44.0/go.mod h1:V8K3KE9KKKE+pLpQDOeN18w9oacNSvy1tDOirTu4xtY=
golang.org/x/sync v0.21.0 h1:HLII4xRRTtCRkxYp4HNFF0Js/Og6q2i++KXbg0gHCwM=
golang.org/x/sync v0.21.0/go.mod h1:9xrNwdLfx4jkKbNva9FpL6vEN7evnE43NNNJQ2LF3+0=
golang.org/x/sync v0.22.0 h1:SZjpbeLmrCk4xhRSZFNZW5gFUeCeFgjekvI/+gfScek=
golang.org/x/sync v0.22.0/go.mod h1:9xrNwdLfx4jkKbNva9FpL6vEN7evnE43NNNJQ2LF3+0=
golang.org/x/sys v0.46.0 h1:noSf2Fq6F8DBgS+LysIkx7rIExoNHJsxOAtPp4rthXw=
golang.org/x/sys v0.46.0/go.mod h1:4GL1E5IUh+htKOUEOaiffhrAeqysfVGipDYzABqnCmw=
golang.org/x/sys v0.47.0 h1:o7XGOvZQCADBQQ4Y7VNq2dRWQR7JmOUW8Kxx4ZsNgWs=
golang.org/x/sys v0.47.0/go.mod h1:4GL1E5IUh+htKOUEOaiffhrAeqysfVGipDYzABqnCmw=
golang.org/x/text v0.38.0 h1:sXmwo9DwP3OK9EZ7PqAdaooSGozfl/3a6/xJcbzPRhE=
golang.org/x/text v0.38.0/go.mod h1:YXZt3QhHUKYT53r2lLKFIVi6Ao1jdzrTR/KQ09qyxF4=
golang.org/x/text v0.40.0 h1:Ub2Z6/xjgF1WrYQz2nuITOEegKFtiIy+rieRJ5lHZKs=
golang.org/x/text v0.40.0/go.mod h1:hpnzDAfGV753zIKo+wk3u1bVKCGPbrnF7+7LBF/UHVY=
